{
  "name": "@jellybeanci/random",
  "version": "0.1.1",
  "lockfileVersion": 2,
  "requires": true,
  "packages": {
    "": {
      "name": "@jellybeanci/random",
      "version": "0.1.1",
      "license": "MIT",
      "dependencies": {
        "@jellybeanci/int": "^0.1.0"
      }
    },
    "node_modules/@jellybeanci/int": {
      "version": "0.1.0",
      "resolved": "https://registry.npmjs.org/@jellybeanci/int/-/int-0.1.0.tgz",
      "integrity": "sha512-9JKUP4uWY8LMyjyZhQhHnhCArTFqcutqovyI3F0mLy28CutDFZBvYRPSGRhUMU9adkiV/dpknvE1QJcpRT2sNg=="
    }
  },
  "dependencies": {
    "@jellybeanci/int": {
      "version": "0.1.0",
      "resolved": "https://registry.npmjs.org/@jellybeanci/int/-/int-0.1.0.tgz",
      "integrity": "sha512-9JKUP4uWY8LMyjyZhQhHnhCArTFqcutqovyI3F0mLy28CutDFZBvYRPSGRhUMU9adkiV/dpknvE1QJcpRT2sNg=="
    }
  }
}
